
Microsoft Visual Studio Solution File, Format Version 12.00
# Visual Studio Version 17
VisualStudioVersion = 17.1.32228.430
MinimumVisualStudioVersion = 10.0.40219.1
Project("{9A19103F-16F7-4668-BE54-9A1E7A4F7556}") = "zuiderzorg", "zuiderzorg.csproj", "{E56B697B-99EB-4070-96E3-EED0290CA6BB}"
EndProject
Global
	GlobalSection(SolutionConfigurationPlatforms) = preSolution
		Debug|Any CPU = Debug|Any CPU
		Release|Any CPU = Release|Any CPU
	EndGlobalSection
	GlobalSection(ProjectConfigurationPlatforms) = postSolution
		{E56B697B-99EB-4070-96E3-EED0290CA6BB}.Debug|Any CPU.ActiveCfg = Debug|Any CPU
		{E56B697B-99EB-4070-96E3-EED0290CA6BB}.Debug|Any CPU.Build.0 = Debug|Any CPU
		{E56B697B-99EB-4070-96E3-EED0290CA6BB}.Release|Any CPU.ActiveCfg = Release|Any CPU
		{E56B697B-99EB-4070-96E3-EED0290CA6BB}.Release|Any CPU.Build.0 = Release|Any CPU
	EndGlobalSection
	GlobalSection(SolutionProperties) = preSolution
		HideSolutionNode = FALSE
	EndGlobalSection
	GlobalSection(ExtensibilityGlobals) = postSolution
		SolutionGuid = {3D08F7DD-8A8E-421A-A12D-957A73FC408C}
	EndGlobalSection
EndGlobal
